
Microsoft Visual Studio Solution File, Format Version 12.00
# Visual Studio Version 16
VisualStudioVersion = 16.0.31105.61
MinimumVisualStudioVersion = 10.0.40219.1
Project("{FAE04EC0-301F-11D3-BF4B-00C04F79EFBC}") = "TOReadFile", "TOReadFile\TOReadFile.csproj", "{6E99D153-1A8B-4998-AC28-D0CAB37E9D56}"
EndProject
Global
	GlobalSection(SolutionConfigurationPlatforms) = preSolution
		Debug|Any CPU = Debug|Any CPU
		Release|Any CPU = Release|Any CPU
	EndGlobalSection
	GlobalSection(ProjectConfigurationPlatforms) = postSolution
		{6E99D153-1A8B-4998-AC28-D0CAB37E9D56}.Debug|Any CPU.ActiveCfg = Debug|Any CPU
		{6E99D153-1A8B-4998-AC28-D0CAB37E9D56}.Debug|Any CPU.Build.0 = Debug|Any CPU
		{6E99D153-1A8B-4998-AC28-D0CAB37E9D56}.Release|Any CPU.ActiveCfg = Release|Any CPU
		{6E99D153-1A8B-4998-AC28-D0CAB37E9D56}.Release|Any CPU.Build.0 = Release|Any CPU
	EndGlobalSection
	GlobalSection(SolutionProperties) = preSolution
		HideSolutionNode = FALSE
	EndGlobalSection
	GlobalSection(ExtensibilityGlobals) = postSolution
		SolutionGuid = {E1927DB2-644A-452B-A7F7-5BAA2AAA3264}
	EndGlobalSection
EndGlobal
